
Microsoft Visual Studio Solution File, Format Version 12.00
# Visual Studio Version 16
VisualStudioVersion = 16.0.31702.278
MinimumVisualStudioVersion = 10.0.40219.1
Project("{FAE04EC0-301F-11D3-BF4B-00C04F79EFBC}") = "Regasirea_Informatiei_Lab", "Regasirea_Informatiei_Lab\Regasirea_Informatiei_Lab.csproj", "{A0AD6FC5-B4F7-4AC9-895F-FA49D4279AF1}"
EndProject
Global
	GlobalSection(SolutionConfigurationPlatforms) = preSolution
		Debug|Any CPU = Debug|Any CPU
		Release|Any CPU = Release|Any CPU
	EndGlobalSection
	GlobalSection(ProjectConfigurationPlatforms) = postSolution
		{A0AD6FC5-B4F7-4AC9-895F-FA49D4279AF1}.Debug|Any CPU.ActiveCfg = Debug|Any CPU
		{A0AD6FC5-B4F7-4AC9-895F-FA49D4279AF1}.Debug|Any CPU.Build.0 = Debug|Any CPU
		{A0AD6FC5-B4F7-4AC9-895F-FA49D4279AF1}.Release|Any CPU.ActiveCfg = Release|Any CPU
		{A0AD6FC5-B4F7-4AC9-895F-FA49D4279AF1}.Release|Any CPU.Build.0 = Release|Any CPU
	EndGlobalSection
	GlobalSection(SolutionProperties) = preSolution
		HideSolutionNode = FALSE
	EndGlobalSection
	GlobalSection(ExtensibilityGlobals) = postSolution
		SolutionGuid = {5FEE6519-DCEE-467A-8794-856E5BD4A808}
	EndGlobalSection
EndGlobal
